
Microsoft Visual Studio Solution File, Format Version 12.00
# Visual Studio Version 17
VisualStudioVersion = 17.5.33502.453
MinimumVisualStudioVersion = 10.0.40219.1
Project("{9A19103F-16F7-4668-BE54-9A1E7A4F7556}") = "Toolbox.Api", "src\Toolbox.Api\Toolbox.Api.csproj", "{9BF35366-328E-4690-BFFB-F22FCF6CFAB5}"
EndProject
Project("{9A19103F-16F7-4668-BE54-9A1E7A4F7556}") = "Toolbox.Web", "src\Toolbox.Web\Toolbox.Web.csproj", "{B8702889-E3B1-48CC-9797-2C3F2219EF30}"
EndProject
Project("{9A19103F-16F7-4668-BE54-9A1E7A4F7556}") = "Toolbox.Pages", "src\Toolbox.Pages\Toolbox.Pages.csproj", "{C1D15D8D-3665-4CCE-8F1D-EAF05BE33179}"
EndProject
Project("{9A19103F-16F7-4668-BE54-9A1E7A4F7556}") = "Toolbox.App", "src\Toolbox.App\Toolbox.App.csproj", "{F2FE984E-5E84-4E12-AAC5-03FCF1DB0657}"
EndProject
Global
	GlobalSection(SolutionConfigurationPlatforms) = preSolution
		Debug|Any CPU = Debug|Any CPU
		Release|Any CPU = Release|Any CPU
	EndGlobalSection
	GlobalSection(ProjectConfigurationPlatforms) = postSolution
		{9BF35366-328E-4690-BFFB-F22FCF6CFAB5}.Debug|Any CPU.ActiveCfg = Debug|Any CPU
		{9BF35366-328E-4690-BFFB-F22FCF6CFAB5}.Debug|Any CPU.Build.0 = Debug|Any CPU
		{9BF35366-328E-4690-BFFB-F22FCF6CFAB5}.Release|Any CPU.ActiveCfg = Release|Any CPU
		{9BF35366-328E-4690-BFFB-F22FCF6CFAB5}.Release|Any CPU.Build.0 = Release|Any CPU
		{B8702889-E3B1-48CC-9797-2C3F2219EF30}.Debug|Any CPU.ActiveCfg = Debug|Any CPU
		{B8702889-E3B1-48CC-9797-2C3F2219EF30}.Debug|Any CPU.Build.0 = Debug|Any CPU
		{B8702889-E3B1-48CC-9797-2C3F2219EF30}.Release|Any CPU.ActiveCfg = Release|Any CPU
		{B8702889-E3B1-48CC-9797-2C3F2219EF30}.Release|Any CPU.Build.0 = Release|Any CPU
		{C1D15D8D-3665-4CCE-8F1D-EAF05BE33179}.Debug|Any CPU.ActiveCfg = Debug|Any CPU
		{C1D15D8D-3665-4CCE-8F1D-EAF05BE33179}.Debug|Any CPU.Build.0 = Debug|Any CPU
		{C1D15D8D-3665-4CCE-8F1D-EAF05BE33179}.Release|Any CPU.ActiveCfg = Release|Any CPU
		{C1D15D8D-3665-4CCE-8F1D-EAF05BE33179}.Release|Any CPU.Build.0 = Release|Any CPU
		{F2FE984E-5E84-4E12-AAC5-03FCF1DB0657}.Debug|Any CPU.ActiveCfg = Debug|Any CPU
		{F2FE984E-5E84-4E12-AAC5-03FCF1DB0657}.Debug|Any CPU.Build.0 = Debug|Any CPU
		{F2FE984E-5E84-4E12-AAC5-03FCF1DB0657}.Debug|Any CPU.Deploy.0 = Debug|Any CPU
		{F2FE984E-5E84-4E12-AAC5-03FCF1DB0657}.Release|Any CPU.ActiveCfg = Release|Any CPU
		{F2FE984E-5E84-4E12-AAC5-03FCF1DB0657}.Release|Any CPU.Build.0 = Release|Any CPU
		{F2FE984E-5E84-4E12-AAC5-03FCF1DB0657}.Release|Any CPU.Deploy.0 = Release|Any CPU
	EndGlobalSection
	GlobalSection(SolutionProperties) = preSolution
		HideSolutionNode = FALSE
	EndGlobalSection
	GlobalSection(ExtensibilityGlobals) = postSolution
		SolutionGuid = {AC64C53C-C16C-47AC-9397-B5AD3E002911}
	EndGlobalSection
EndGlobal
