
Microsoft Visual Studio Solution File, Format Version 12.00
# Visual Studio Version 17
VisualStudioVersion = 17.5.33424.131
MinimumVisualStudioVersion = 10.0.40219.1
Project("{FAE04EC0-301F-11D3-BF4B-00C04F79EFBC}") = "Toolbox.Api", "src\Toolbox.Api\Toolbox.Api.csproj", "{1FBA5231-F553-402A-B3FB-A0BEF7D3CDFB}"
EndProject
Global
	GlobalSection(SolutionConfigurationPlatforms) = preSolution
		Debug|Any CPU = Debug|Any CPU
		Release|Any CPU = Release|Any CPU
	EndGlobalSection
	GlobalSection(ProjectConfigurationPlatforms) = postSolution
		{1FBA5231-F553-402A-B3FB-A0BEF7D3CDFB}.Debug|Any CPU.ActiveCfg = Debug|Any CPU
		{1FBA5231-F553-402A-B3FB-A0BEF7D3CDFB}.Debug|Any CPU.Build.0 = Debug|Any CPU
		{1FBA5231-F553-402A-B3FB-A0BEF7D3CDFB}.Release|Any CPU.ActiveCfg = Release|Any CPU
		{1FBA5231-F553-402A-B3FB-A0BEF7D3CDFB}.Release|Any CPU.Build.0 = Release|Any CPU
	EndGlobalSection
	GlobalSection(SolutionProperties) = preSolution
		HideSolutionNode = FALSE
	EndGlobalSection
	GlobalSection(ExtensibilityGlobals) = postSolution
		SolutionGuid = {A9EA9A20-7DC7-4868-A29E-E543E453AF05}
	EndGlobalSection
EndGlobal
