
Microsoft Visual Studio Solution File, Format Version 12.00
# Visual Studio Version 17
VisualStudioVersion = 17.7.34018.315
MinimumVisualStudioVersion = 10.0.40219.1
Project("{9A19103F-16F7-4668-BE54-9A1E7A4F7556}") = "Toolbox.Pages", "Toolbox.Pages\Toolbox.Pages.csproj", "{974BE500-EF3E-449D-AD08-B6681D693358}"
EndProject
Project("{9A19103F-16F7-4668-BE54-9A1E7A4F7556}") = "Toolbox.Web", "Toolbox.Web\Toolbox.Web.csproj", "{E0226327-695B-4734-B2C7-09A567A6778B}"
EndProject
Global
	GlobalSection(SolutionConfigurationPlatforms) = preSolution
		Debug|Any CPU = Debug|Any CPU
		Release|Any CPU = Release|Any CPU
	EndGlobalSection
	GlobalSection(ProjectConfigurationPlatforms) = postSolution
		{974BE500-EF3E-449D-AD08-B6681D693358}.Debug|Any CPU.ActiveCfg = Debug|Any CPU
		{974BE500-EF3E-449D-AD08-B6681D693358}.Debug|Any CPU.Build.0 = Debug|Any CPU
		{974BE500-EF3E-449D-AD08-B6681D693358}.Release|Any CPU.ActiveCfg = Release|Any CPU
		{974BE500-EF3E-449D-AD08-B6681D693358}.Release|Any CPU.Build.0 = Release|Any CPU
		{E0226327-695B-4734-B2C7-09A567A6778B}.Debug|Any CPU.ActiveCfg = Debug|Any CPU
		{E0226327-695B-4734-B2C7-09A567A6778B}.Debug|Any CPU.Build.0 = Debug|Any CPU
		{E0226327-695B-4734-B2C7-09A567A6778B}.Release|Any CPU.ActiveCfg = Release|Any CPU
		{E0226327-695B-4734-B2C7-09A567A6778B}.Release|Any CPU.Build.0 = Release|Any CPU
	EndGlobalSection
	GlobalSection(SolutionProperties) = preSolution
		HideSolutionNode = FALSE
	EndGlobalSection
	GlobalSection(ExtensibilityGlobals) = postSolution
		SolutionGuid = {6D041C15-6753-450D-91F7-AD69655B1C5B}
	EndGlobalSection
EndGlobal
